{
  "lockfileVersion": 1,
  "workspaces": {
    "": {
      "devDependencies": {
        "@types/bun": "latest",
        "turbo": "^2.9.5",
      },
    },
  },
  "packages": {
    "@turbo/darwin-64": ["@turbo/darwin-64@2.9.5", "", { "os": "darwin", "cpu": "x64" }, "sha512-qPxhKsLMQP+9+dsmPgAGidi5uNifD4AoAOnEnljab3Qgn0QZRR31Hp+/CgW3Ia5AanWj6JuLLTBYvuQj4mqTWg=="],

    "@turbo/darwin-arm64": ["@turbo/darwin-arm64@2.9.5", "", { "os": "darwin", "cpu": "arm64" }, "sha512-vkF/9F/l3aWd4bHxTui5Hh0F5xrTZ4e3rbBsc57zA6O8gNbmHN3B6eZ5psAIP2CnJRZ8ZxRjV3WZHeNXMXkPBw=="],

    "@turbo/linux-64": ["@turbo/linux-64@2.9.5", "", { "os": "linux", "cpu": "x64" }, "sha512-z/Get5NUaUxm5HSGFqVMICDRjFNsCUhSc4wnFa/PP1QD0NXCjr7bu9a2EM6md/KMCBW0Qe393Ac+UM7/ryDDTw=="],

    "@turbo/linux-arm64": ["@turbo/linux-arm64@2.9.5", "", { "os": "linux", "cpu": "arm64" }, "sha512-jyBifaNoI5/NheyswomiZXJvjdAdvT7hDRYzQ4meP0DKGvpXUjnqsD+4/J2YSDQ34OHxFkL30FnSCUIVOh2PHw=="],

    "@turbo/windows-64": ["@turbo/windows-64@2.9.5", "", { "os": "win32", "cpu": "x64" }, "sha512-ph24K5uPtvo7UfuyDXnBiB/8XvrO+RQWbbw5zkA/bVNoy9HDiNoIJJj3s62MxT9tjEb6DnPje5PXSz1UR7QAyg=="],

    "@turbo/windows-arm64": ["@turbo/windows-arm64@2.9.5", "", { "os": "win32", "cpu": "arm64" }, "sha512-6c5RccT/+iR39SdT1G5HyZaD2n57W77o+l0TTfxG/cVlhV94Acyg2gTQW7zUOhW1BeQpBjHzu9x8yVBZwrHh7g=="],

    "@types/bun": ["@types/bun@1.3.11", "", { "dependencies": { "bun-types": "1.3.11" } }, "sha512-5vPne5QvtpjGpsGYXiFyycfpDF2ECyPcTSsFBMa0fraoxiQyMJ3SmuQIGhzPg2WJuWxVBoxWJ2kClYTcw/4fAg=="],

    "@types/node": ["@types/node@25.5.2", "", { "dependencies": { "undici-types": "~7.18.0" } }, "sha512-tO4ZIRKNC+MDWV4qKVZe3Ql/woTnmHDr5JD8UI5hn2pwBrHEwOEMZK7WlNb5RKB6EoJ02gwmQS9OrjuFnZYdpg=="],

    "bun-types": ["bun-types@1.3.11", "", { "dependencies": { "@types/node": "*" } }, "sha512-1KGPpoxQWl9f6wcZh57LvrPIInQMn2TQ7jsgxqpRzg+l0QPOFvJVH7HmvHo/AiPgwXy+/Thf6Ov3EdVn1vOabg=="],

    "turbo": ["turbo@2.9.5", "", { "optionalDependencies": { "@turbo/darwin-64": "2.9.5", "@turbo/darwin-arm64": "2.9.5", "@turbo/linux-64": "2.9.5", "@turbo/linux-arm64": "2.9.5", "@turbo/windows-64": "2.9.5", "@turbo/windows-arm64": "2.9.5" }, "bin": { "turbo": "bin/turbo" } }, "sha512-JXNkRe6H6MjSlk5UQRTjyoKX5YN2zlc2632xcSlSFBao5yvbMWTpv9SNolOZlZmUlcDOHuszPLItbKrvcXnnZA=="],

    "undici-types": ["undici-types@7.18.2", "", {}, "sha512-AsuCzffGHJybSaRrmr5eHr81mwJU3kjw6M+uprWvCXiNeN9SOGwQ3Jn8jb8m3Z6izVgknn1R0FTCEAP2QrLY/w=="],
  }
}
